// !$*UTF8*$!
{
	archiveVersion = 1;
	classes = {
	};
	objectVersion = 42;
	objects = {

/* Begin PBXBuildFile section */
		002F3C0109D093BD00EBEB88 /* OpenGL.framework in Frameworks */ = {isa = PBXBuildFile; fileRef = 002F3C0009D093BD00EBEB88 /* OpenGL.framework */; };
		002F3C6109D0951E00EBEB88 /* GLUT.framework in Frameworks */ = {isa = PBXBuildFile; fileRef = 002F3C6009D0951E00EBEB88 /* GLUT.framework */; };
		115EEDED16D379C100E3644E /* GL_utilities.c in Sources */ = {isa = PBXBuildFile; fileRef = 115EED7B16D379C100E3644E /* GL_utilities.c */; };
		115EEDEF16D379C100E3644E /* lab4-1.c in Sources */ = {isa = PBXBuildFile; fileRef = 115EED7E16D379C100E3644E /* lab4-1.c */; };
		115EEDF116D379C100E3644E /* loadobj.c in Sources */ = {isa = PBXBuildFile; fileRef = 115EED8016D379C100E3644E /* loadobj.c */; };
		115EEDF216D379C100E3644E /* LoadTGA2.c in Sources */ = {isa = PBXBuildFile; fileRef = 115EED8216D379C100E3644E /* LoadTGA2.c */; };
		115EEDF516D379C100E3644E /* license.txt in Resources */ = {isa = PBXBuildFile; fileRef = 115EED8816D379C100E3644E /* license.txt */; };
		115EEDF616D379C100E3644E /* rooftops.obj in Resources */ = {isa = PBXBuildFile; fileRef = 115EED8916D379C100E3644E /* rooftops.obj */; };
		115EEDF716D379C100E3644E /* screenshot.jpg in Resources */ = {isa = PBXBuildFile; fileRef = 115EED8A16D379C100E3644E /* screenshot.jpg */; };
		115EEDF816D379C100E3644E /* walls.obj in Resources */ = {isa = PBXBuildFile; fileRef = 115EED8B16D379C100E3644E /* walls.obj */; };
		115EEDF916D379C100E3644E /* face-lefthalf.jpg in Resources */ = {isa = PBXBuildFile; fileRef = 115EED8E16D379C100E3644E /* face-lefthalf.jpg */; };
		115EEDFA16D379C100E3644E /* face-lefthalf.obj in Resources */ = {isa = PBXBuildFile; fileRef = 115EED8F16D379C100E3644E /* face-lefthalf.obj */; };
		115EEDFB16D379C100E3644E /* face-lefthalf.tga in Resources */ = {isa = PBXBuildFile; fileRef = 115EED9016D379C100E3644E /* face-lefthalf.tga */; };
		115EEDFC16D379C100E3644E /* face-righthalf.jpg in Resources */ = {isa = PBXBuildFile; fileRef = 115EED9116D379C100E3644E /* face-righthalf.jpg */; };
		115EEDFD16D379C100E3644E /* face-righthalf.obj in Resources */ = {isa = PBXBuildFile; fileRef = 115EED9216D379C100E3644E /* face-righthalf.obj */; };
		115EEDFE16D379C100E3644E /* face-righthalf.tga in Resources */ = {isa = PBXBuildFile; fileRef = 115EED9316D379C100E3644E /* face-righthalf.tga */; };
		115EEDFF16D379C100E3644E /* a.jpg in Resources */ = {isa = PBXBuildFile; fileRef = 115EED9616D379C100E3644E /* a.jpg */; };
		115EEE0016D379C100E3644E /* b.jpg in Resources */ = {isa = PBXBuildFile; fileRef = 115EED9716D379C100E3644E /* b.jpg */; };
		115EEE0116D379C100E3644E /* c.jpg in Resources */ = {isa = PBXBuildFile; fileRef = 115EED9816D379C100E3644E /* c.jpg */; };
		115EEE0216D379C100E3644E /* d.jpg in Resources */ = {isa = PBXBuildFile; fileRef = 115EED9916D379C100E3644E /* d.jpg */; };
		115EEE0316D379C100E3644E /* e.jpg in Resources */ = {isa = PBXBuildFile; fileRef = 115EED9A16D379C100E3644E /* e.jpg */; };
		115EEE0416D379C100E3644E /* f.jpg in Resources */ = {isa = PBXBuildFile; fileRef = 115EED9B16D379C100E3644E /* f.jpg */; };
		115EEE0516D379C100E3644E /* girl-body.jpg in Resources */ = {isa = PBXBuildFile; fileRef = 115EED9C16D379C100E3644E /* girl-body.jpg */; };
		115EEE0616D379C100E3644E /* girl-body.obj in Resources */ = {isa = PBXBuildFile; fileRef = 115EED9D16D379C100E3644E /* girl-body.obj */; };
		115EEE0716D379C100E3644E /* girl-body.tga in Resources */ = {isa = PBXBuildFile; fileRef = 115EED9E16D379C100E3644E /* girl-body.tga */; };
		115EEE0816D379C100E3644E /* girl-head.jpg in Resources */ = {isa = PBXBuildFile; fileRef = 115EED9F16D379C100E3644E /* girl-head.jpg */; };
		115EEE0916D379C100E3644E /* girl-head.obj in Resources */ = {isa = PBXBuildFile; fileRef = 115EEDA016D379C100E3644E /* girl-head.obj */; };
		115EEE0A16D379C100E3644E /* girl-head.tga in Resources */ = {isa = PBXBuildFile; fileRef = 115EEDA116D379C100E3644E /* girl-head.tga */; };
		115EEE0B16D379C100E3644E /* hawk-body.jpg in Resources */ = {isa = PBXBuildFile; fileRef = 115EEDA216D379C100E3644E /* hawk-body.jpg */; };
		115EEE0C16D379C100E3644E /* hawk-body.obj in Resources */ = {isa = PBXBuildFile; fileRef = 115EEDA316D379C100E3644E /* hawk-body.obj */; };
		115EEE0D16D379C100E3644E /* hawk-body.tga in Resources */ = {isa = PBXBuildFile; fileRef = 115EEDA416D379C100E3644E /* hawk-body.tga */; };
		115EEE0E16D379C100E3644E /* hawk-head.jpg in Resources */ = {isa = PBXBuildFile; fileRef = 115EEDA516D379C100E3644E /* hawk-head.jpg */; };
		115EEE0F16D379C100E3644E /* hawk-head.obj in Resources */ = {isa = PBXBuildFile; fileRef = 115EEDA616D379C100E3644E /* hawk-head.obj */; };
		115EEE1016D379C100E3644E /* hawk-head.tga in Resources */ = {isa = PBXBuildFile; fileRef = 115EEDA716D379C100E3644E /* hawk-head.tga */; };
		115EEE1116D379C100E3644E /* 1.jpg in Resources */ = {isa = PBXBuildFile; fileRef = 115EEDA916D379C100E3644E /* 1.jpg */; };
		115EEE1216D379C100E3644E /* 1.obj in Resources */ = {isa = PBXBuildFile; fileRef = 115EEDAA16D379C100E3644E /* 1.obj */; };
		115EEE1316D379C100E3644E /* 2.jpg in Resources */ = {isa = PBXBuildFile; fileRef = 115EEDAB16D379C100E3644E /* 2.jpg */; };
		115EEE1416D379C100E3644E /* 2.obj in Resources */ = {isa = PBXBuildFile; fileRef = 115EEDAC16D379C100E3644E /* 2.obj */; };
		115EEE1516D379C100E3644E /* 3.jpg in Resources */ = {isa = PBXBuildFile; fileRef = 115EEDAD16D379C100E3644E /* 3.jpg */; };
		115EEE1616D379C100E3644E /* 3.obj in Resources */ = {isa = PBXBuildFile; fileRef = 115EEDAE16D379C100E3644E /* 3.obj */; };
		115EEE1716D379C100E3644E /* 4.jpg in Resources */ = {isa = PBXBuildFile; fileRef = 115EEDAF16D379C100E3644E /* 4.jpg */; };
		115EEE1816D379C100E3644E /* 4.obj in Resources */ = {isa = PBXBuildFile; fileRef = 115EEDB016D379C100E3644E /* 4.obj */; };
		115EEE1916D379C100E3644E /* license.txt in Resources */ = {isa = PBXBuildFile; fileRef = 115EEDB116D379C100E3644E /* license.txt */; };
		115EEE1A16D379C100E3644E /* readme.txt in Resources */ = {isa = PBXBuildFile; fileRef = 115EEDB216D379C100E3644E /* readme.txt */; };
		115EEE1B16D379C100E3644E /* ground.jpg in Resources */ = {isa = PBXBuildFile; fileRef = 115EEDB416D379C100E3644E /* ground.jpg */; };
		115EEE1C16D379C100E3644E /* ground.obj in Resources */ = {isa = PBXBuildFile; fileRef = 115EEDB516D379C100E3644E /* ground.obj */; };
		115EEE1D16D379C100E3644E /* tree.jpg in Resources */ = {isa = PBXBuildFile; fileRef = 115EEDB616D379C100E3644E /* tree.jpg */; };
		115EEE1E16D379C100E3644E /* tree.obj in Resources */ = {isa = PBXBuildFile; fileRef = 115EEDB716D379C100E3644E /* tree.obj */; };
		115EEE1F16D379C100E3644E /* bunny.obj in Resources */ = {isa = PBXBuildFile; fileRef = 115EEDB916D379C100E3644E /* bunny.obj */; };
		115EEE2016D379C100E3644E /* bunnyplus.obj in Resources */ = {isa = PBXBuildFile; fileRef = 115EEDBA16D379C100E3644E /* bunnyplus.obj */; };
		115EEE2116D379C100E3644E /* cow.obj in Resources */ = {isa = PBXBuildFile; fileRef = 115EEDBB16D379C100E3644E /* cow.obj */; };
		115EEE2216D379C100E3644E /* cube.obj in Resources */ = {isa = PBXBuildFile; fileRef = 115EEDBC16D379C100E3644E /* cube.obj */; };
		115EEE2316D379C100E3644E /* ground.obj in Resources */ = {isa = PBXBuildFile; fileRef = 115EEDBD16D379C100E3644E /* ground.obj */; };
		115EEE2416D379C100E3644E /* klingon.obj in Resources */ = {isa = PBXBuildFile; fileRef = 115EEDBE16D379C100E3644E /* klingon.obj */; };
		115EEE2516D379C100E3644E /* license.txt in Resources */ = {isa = PBXBuildFile; fileRef = 115EEDBF16D379C100E3644E /* license.txt */; };
		115EEE2616D379C100E3644E /* plutt.obj in Resources */ = {isa = PBXBuildFile; fileRef = 115EEDC016D379C100E3644E /* plutt.obj */; };
		115EEE2716D379C100E3644E /* teapot.obj in Resources */ = {isa = PBXBuildFile; fileRef = 115EEDC116D379C100E3644E /* teapot.obj */; };
		115EEE2816D379C100E3644E /* teddy.obj in Resources */ = {isa = PBXBuildFile; fileRef = 115EEDC216D379C100E3644E /* teddy.obj */; };
		115EEE2916D379C100E3644E /* venus.obj in Resources */ = {isa = PBXBuildFile; fileRef = 115EEDC316D379C100E3644E /* venus.obj */; };
		115EEE2A16D379C100E3644E /* windmill-walls.obj in Resources */ = {isa = PBXBuildFile; fileRef = 115EEDC416D379C100E3644E /* windmill-walls.obj */; };
		115EEE2B16D379C100E3644E /* blade.obj in Resources */ = {isa = PBXBuildFile; fileRef = 115EEDC616D379C100E3644E /* blade.obj */; };
		115EEE2C16D379C100E3644E /* license.txt in Resources */ = {isa = PBXBuildFile; fileRef = 115EEDC716D379C100E3644E /* license.txt */; };
		115EEE2D16D379C100E3644E /* screenshot.jpg in Resources */ = {isa = PBXBuildFile; fileRef = 115EEDC816D379C100E3644E /* screenshot.jpg */; };
		115EEE2E16D379C100E3644E /* windmill-balcony.obj in Resources */ = {isa = PBXBuildFile; fileRef = 115EEDC916D379C100E3644E /* windmill-balcony.obj */; };
		115EEE2F16D379C100E3644E /* windmill-roof.obj in Resources */ = {isa = PBXBuildFile; fileRef = 115EEDCA16D379C100E3644E /* windmill-roof.obj */; };
		115EEE3016D379C100E3644E /* windmill-walls.obj in Resources */ = {isa = PBXBuildFile; fileRef = 115EEDCB16D379C100E3644E /* windmill-walls.obj */; };
		115EEE3116D379C100E3644E /* OpenGLCamera.c in Sources */ = {isa = PBXBuildFile; fileRef = 115EEDCC16D379C100E3644E /* OpenGLCamera.c */; };
		115EEE3416D379C100E3644E /* OpenGLObject.c in Sources */ = {isa = PBXBuildFile; fileRef = 115EEDD016D379C100E3644E /* OpenGLObject.c */; };
		115EEE3A16D379C100E3644E /* 44-terrain.tga in Resources */ = {isa = PBXBuildFile; fileRef = 115EEDD816D379C100E3644E /* 44-terrain.tga */; };
		115EEE3B16D379C100E3644E /* f3.tga in Resources */ = {isa = PBXBuildFile; fileRef = 115EEDD916D379C100E3644E /* f3.tga */; };
		115EEE3C16D379C100E3644E /* f3gr.tga in Resources */ = {isa = PBXBuildFile; fileRef = 115EEDDA16D379C100E3644E /* f3gr.tga */; };
		115EEE3D16D379C100E3644E /* fft-terrain.tga in Resources */ = {isa = PBXBuildFile; fileRef = 115EEDDB16D379C100E3644E /* fft-terrain.tga */; };
		115EEE3E16D379C100E3644E /* newterrain.tga in Resources */ = {isa = PBXBuildFile; fileRef = 115EEDDC16D379C100E3644E /* newterrain.tga */; };
		115EEE3F16D379C100E3644E /* ok1.tga in Resources */ = {isa = PBXBuildFile; fileRef = 115EEDDD16D379C100E3644E /* ok1.tga */; };
		115EEE4016D379C100E3644E /* ok2.tga in Resources */ = {isa = PBXBuildFile; fileRef = 115EEDDE16D379C100E3644E /* ok2.tga */; };
		115EEE4116D379C100E3644E /* TERRA2.tga in Resources */ = {isa = PBXBuildFile; fileRef = 115EEDDF16D379C100E3644E /* TERRA2.tga */; };
		115EEE4216D379C100E3644E /* bilskissred.tga in Resources */ = {isa = PBXBuildFile; fileRef = 115EEDE116D379C100E3644E /* bilskissred.tga */; };
		115EEE4316D379C100E3644E /* conc.tga in Resources */ = {isa = PBXBuildFile; fileRef = 115EEDE216D379C100E3644E /* conc.tga */; };
		115EEE4416D379C100E3644E /* dirt.tga in Resources */ = {isa = PBXBuildFile; fileRef = 115EEDE316D379C100E3644E /* dirt.tga */; };
		115EEE4516D379C100E3644E /* grass.tga in Resources */ = {isa = PBXBuildFile; fileRef = 115EEDE416D379C100E3644E /* grass.tga */; };
		115EEE4616D379C100E3644E /* maskros512.tga in Resources */ = {isa = PBXBuildFile; fileRef = 115EEDE516D379C100E3644E /* maskros512.tga */; };
		115EEE4716D379C100E3644E /* rutor.tga in Resources */ = {isa = PBXBuildFile; fileRef = 115EEDE616D379C100E3644E /* rutor.tga */; };
		115EEE4816D379C100E3644E /* SkyBox512.tga in Resources */ = {isa = PBXBuildFile; fileRef = 115EEDE716D379C100E3644E /* SkyBox512.tga */; };
		115EEE4916D379C100E3644E /* wall_512_1_05.tga in Resources */ = {isa = PBXBuildFile; fileRef = 115EEDE816D379C100E3644E /* wall_512_1_05.tga */; };
		115EEE4A16D379C100E3644E /* VectorUtils2.c in Sources */ = {isa = PBXBuildFile; fileRef = 115EEDE916D379C100E3644E /* VectorUtils2.c */; };
		115EEE4F16D37A0900E3644E /* MicroGlut.m in Sources */ = {isa = PBXBuildFile; fileRef = 115EEE4E16D37A0900E3644E /* MicroGlut.m */; };
		115EEE5216D3813200E3644E /* terrain.frag in Resources */ = {isa = PBXBuildFile; fileRef = 115EEDD316D379C100E3644E /* terrain.frag */; };
		115EEE5316D3813200E3644E /* terrain.vert in Resources */ = {isa = PBXBuildFile; fileRef = 115EEDD516D379C100E3644E /* terrain.vert */; };
		11DA4B8416C41DD8009A9277 /* Cocoa.framework in Frameworks */ = {isa = PBXBuildFile; fileRef = 11DA4B7F16C41D18009A9277 /* Cocoa.framework */; };
		8D11072B0486CEB800E47090 /* InfoPlist.strings in Resources */ = {isa = PBXBuildFile; fileRef = 089C165CFE840E0CC02AAC07 /* InfoPlist.strings */; };
/* End PBXBuildFile section */

/* Begin PBXCopyFilesBuildPhase section */
		002F39FD09D0883400EBEB88 /* Copy Frameworks into .app bundle */ = {
			isa = PBXCopyFilesBuildPhase;
			buildActionMask = 2147483647;
			dstPath = "";
			dstSubfolderSpec = 10;
			files = (
			);
			name = "Copy Frameworks into .app bundle";
			runOnlyForDeploymentPostprocessing = 0;
		};
/* End PBXCopyFilesBuildPhase section */

/* Begin PBXFileReference section */
		002F3A3E09D088BA00EBEB88 /* main.c */ = {isa = PBXFileReference; fileEncoding = 30; lastKnownFileType = sourcecode.c.c; path = main.c; sourceTree = SOURCE_ROOT; };
		002F3C0009D093BD00EBEB88 /* OpenGL.framework */ = {isa = PBXFileReference; lastKnownFileType = wrapper.framework; name = OpenGL.framework; path = /System/Library/Frameworks/OpenGL.framework; sourceTree = "<absolute>"; };
		002F3C6009D0951E00EBEB88 /* GLUT.framework */ = {isa = PBXFileReference; lastKnownFileType = wrapper.framework; name = GLUT.framework; path = ../../../../../../../../../../System/Library/Frameworks/GLUT.framework; sourceTree = SOURCE_ROOT; };
		089C165DFE840E0CC02AAC07 /* English */ = {isa = PBXFileReference; fileEncoding = 10; lastKnownFileType = text.plist.strings; name = English; path = English.lproj/InfoPlist.strings; sourceTree = "<group>"; };
		115EED7B16D379C100E3644E /* GL_utilities.c */ = {isa = PBXFileReference; fileEncoding = 4; lastKnownFileType = sourcecode.c.c; path = GL_utilities.c; sourceTree = "<group>"; };
		115EED7C16D379C100E3644E /* GL_utilities.h */ = {isa = PBXFileReference; fileEncoding = 4; lastKnownFileType = sourcecode.c.h; path = GL_utilities.h; sourceTree = "<group>"; };
		115EED7E16D379C100E3644E /* lab4-1.c */ = {isa = PBXFileReference; fileEncoding = 4; lastKnownFileType = sourcecode.c.c; path = "lab4-1.c"; sourceTree = "<group>"; };
		115EED8016D379C100E3644E /* loadobj.c */ = {isa = PBXFileReference; fileEncoding = 4; lastKnownFileType = sourcecode.c.c; path = loadobj.c; sourceTree = "<group>"; };
		115EED8116D379C100E3644E /* loadobj.h */ = {isa = PBXFileReference; fileEncoding = 4; lastKnownFileType = sourcecode.c.h; path = loadobj.h; sourceTree = "<group>"; };
		115EED8216D379C100E3644E /* LoadTGA2.c */ = {isa = PBXFileReference; fileEncoding = 4; lastKnownFileType = sourcecode.c.c; path = LoadTGA2.c; sourceTree = "<group>"; };
		115EED8316D379C100E3644E /* LoadTGA2.h */ = {isa = PBXFileReference; fileEncoding = 4; lastKnownFileType = sourcecode.c.h; path = LoadTGA2.h; sourceTree = "<group>"; };
		115EED8816D379C100E3644E /* license.txt */ = {isa = PBXFileReference; fileEncoding = 4; lastKnownFileType = text; path = license.txt; sourceTree = "<group>"; };
		115EED8916D379C100E3644E /* rooftops.obj */ = {isa = PBXFileReference; fileEncoding = 4; lastKnownFileType = text; path = rooftops.obj; sourceTree = "<group>"; };
		115EED8A16D379C100E3644E /* screenshot.jpg */ = {isa = PBXFileReference; lastKnownFileType = image.jpeg; path = screenshot.jpg; sourceTree = "<group>"; };
		115EED8B16D379C100E3644E /* walls.obj */ = {isa = PBXFileReference; fileEncoding = 4; lastKnownFileType = text; path = walls.obj; sourceTree = "<group>"; };
		115EED8E16D379C100E3644E /* face-lefthalf.jpg */ = {isa = PBXFileReference; lastKnownFileType = image.jpeg; path = "face-lefthalf.jpg"; sourceTree = "<group>"; };
		115EED8F16D379C100E3644E /* face-lefthalf.obj */ = {isa = PBXFileReference; fileEncoding = 4; lastKnownFileType = text; path = "face-lefthalf.obj"; sourceTree = "<group>"; };
		115EED9016D379C100E3644E /* face-lefthalf.tga */ = {isa = PBXFileReference; lastKnownFileType = file; path = "face-lefthalf.tga"; sourceTree = "<group>"; };
		115EED9116D379C100E3644E /* face-righthalf.jpg */ = {isa = PBXFileReference; lastKnownFileType = image.jpeg; path = "face-righthalf.jpg"; sourceTree = "<group>"; };
		115EED9216D379C100E3644E /* face-righthalf.obj */ = {isa = PBXFileReference; fileEncoding = 4; lastKnownFileType = text; path = "face-righthalf.obj"; sourceTree = "<group>"; };
		115EED9316D379C100E3644E /* face-righthalf.tga */ = {isa = PBXFileReference; lastKnownFileType = file; path = "face-righthalf.tga"; sourceTree = "<group>"; };
		115EED9616D379C100E3644E /* a.jpg */ = {isa = PBXFileReference; lastKnownFileType = image.jpeg; path = a.jpg; sourceTree = "<group>"; };
		115EED9716D379C100E3644E /* b.jpg */ = {isa = PBXFileReference; lastKnownFileType = image.jpeg; path = b.jpg; sourceTree = "<group>"; };
		115EED9816D379C100E3644E /* c.jpg */ = {isa = PBXFileReference; lastKnownFileType = image.jpeg; path = c.jpg; sourceTree = "<group>"; };
		115EED9916D379C100E3644E /* d.jpg */ = {isa = PBXFileReference; lastKnownFileType = image.jpeg; path = d.jpg; sourceTree = "<group>"; };
		115EED9A16D379C100E3644E /* e.jpg */ = {isa = PBXFileReference; lastKnownFileType = image.jpeg; path = e.jpg; sourceTree = "<group>"; };
		115EED9B16D379C100E3644E /* f.jpg */ = {isa = PBXFileReference; lastKnownFileType = image.jpeg; path = f.jpg; sourceTree = "<group>"; };
		115EED9C16D379C100E3644E /* girl-body.jpg */ = {isa = PBXFileReference; lastKnownFileType = image.jpeg; path = "girl-body.jpg"; sourceTree = "<group>"; };
		115EED9D16D379C100E3644E /* girl-body.obj */ = {isa = PBXFileReference; fileEncoding = 4; lastKnownFileType = text; path = "girl-body.obj"; sourceTree = "<group>"; };
		115EED9E16D379C100E3644E /* girl-body.tga */ = {isa = PBXFileReference; lastKnownFileType = file; path = "girl-body.tga"; sourceTree = "<group>"; };
		115EED9F16D379C100E3644E /* girl-head.jpg */ = {isa = PBXFileReference; lastKnownFileType = image.jpeg; path = "girl-head.jpg"; sourceTree = "<group>"; };
		115EEDA016D379C100E3644E /* girl-head.obj */ = {isa = PBXFileReference; fileEncoding = 4; lastKnownFileType = text; path = "girl-head.obj"; sourceTree = "<group>"; };
		115EEDA116D379C100E3644E /* girl-head.tga */ = {isa = PBXFileReference; lastKnownFileType = file; path = "girl-head.tga"; sourceTree = "<group>"; };
		115EEDA216D379C100E3644E /* hawk-body.jpg */ = {isa = PBXFileReference; lastKnownFileType = image.jpeg; path = "hawk-body.jpg"; sourceTree = "<group>"; };
		115EEDA316D379C100E3644E /* hawk-body.obj */ = {isa = PBXFileReference; fileEncoding = 4; lastKnownFileType = text; path = "hawk-body.obj"; sourceTree = "<group>"; };
		115EEDA416D379C100E3644E /* hawk-body.tga */ = {isa = PBXFileReference; lastKnownFileType = file; path = "hawk-body.tga"; sourceTree = "<group>"; };
		115EEDA516D379C100E3644E /* hawk-head.jpg */ = {isa = PBXFileReference; lastKnownFileType = image.jpeg; path = "hawk-head.jpg"; sourceTree = "<group>"; };
		115EEDA616D379C100E3644E /* hawk-head.obj */ = {isa = PBXFileReference; fileEncoding = 4; lastKnownFileType = text; path = "hawk-head.obj"; sourceTree = "<group>"; };
		115EEDA716D379C100E3644E /* hawk-head.tga */ = {isa = PBXFileReference; lastKnownFileType = file; path = "hawk-head.tga"; sourceTree = "<group>"; };
		115EEDA916D379C100E3644E /* 1.jpg */ = {isa = PBXFileReference; lastKnownFileType = image.jpeg; path = 1.jpg; sourceTree = "<group>"; };
		115EEDAA16D379C100E3644E /* 1.obj */ = {isa = PBXFileReference; fileEncoding = 4; lastKnownFileType = text; path = 1.obj; sourceTree = "<group>"; };
		115EEDAB16D379C100E3644E /* 2.jpg */ = {isa = PBXFileReference; lastKnownFileType = image.jpeg; path = 2.jpg; sourceTree = "<group>"; };
		115EEDAC16D379C100E3644E /* 2.obj */ = {isa = PBXFileReference; fileEncoding = 4; lastKnownFileType = text; path = 2.obj; sourceTree = "<group>"; };
		115EEDAD16D379C100E3644E /* 3.jpg */ = {isa = PBXFileReference; lastKnownFileType = image.jpeg; path = 3.jpg; sourceTree = "<group>"; };
		115EEDAE16D379C100E3644E /* 3.obj */ = {isa = PBXFileReference; fileEncoding = 4; lastKnownFileType = text; path = 3.obj; sourceTree = "<group>"; };
		115EEDAF16D379C100E3644E /* 4.jpg */ = {isa = PBXFileReference; lastKnownFileType = image.jpeg; path = 4.jpg; sourceTree = "<group>"; };
		115EEDB016D379C100E3644E /* 4.obj */ = {isa = PBXFileReference; fileEncoding = 4; lastKnownFileType = text; path = 4.obj; sourceTree = "<group>"; };
		115EEDB116D379C100E3644E /* license.txt */ = {isa = PBXFileReference; fileEncoding = 4; lastKnownFileType = text; path = license.txt; sourceTree = "<group>"; };
		115EEDB216D379C100E3644E /* readme.txt */ = {isa = PBXFileReference; fileEncoding = 4; lastKnownFileType = text; path = readme.txt; sourceTree = "<group>"; };
		115EEDB416D379C100E3644E /* ground.jpg */ = {isa = PBXFileReference; lastKnownFileType = image.jpeg; path = ground.jpg; sourceTree = "<group>"; };
		115EEDB516D379C100E3644E /* ground.obj */ = {isa = PBXFileReference; fileEncoding = 4; lastKnownFileType = text; path = ground.obj; sourceTree = "<group>"; };
		115EEDB616D379C100E3644E /* tree.jpg */ = {isa = PBXFileReference; lastKnownFileType = image.jpeg; path = tree.jpg; sourceTree = "<group>"; };
		115EEDB716D379C100E3644E /* tree.obj */ = {isa = PBXFileReference; fileEncoding = 4; lastKnownFileType = text; path = tree.obj; sourceTree = "<group>"; };
		115EEDB916D379C100E3644E /* bunny.obj */ = {isa = PBXFileReference; fileEncoding = 4; lastKnownFileType = text; path = bunny.obj; sourceTree = "<group>"; };
		115EEDBA16D379C100E3644E /* bunnyplus.obj */ = {isa = PBXFileReference; fileEncoding = 4; lastKnownFileType = text; path = bunnyplus.obj; sourceTree = "<group>"; };
		115EEDBB16D379C100E3644E /* cow.obj */ = {isa = PBXFileReference; fileEncoding = 4; lastKnownFileType = text; path = cow.obj; sourceTree = "<group>"; };
		115EEDBC16D379C100E3644E /* cube.obj */ = {isa = PBXFileReference; fileEncoding = 4; lastKnownFileType = text; path = cube.obj; sourceTree = "<group>"; };
		115EEDBD16D379C100E3644E /* ground.obj */ = {isa = PBXFileReference; fileEncoding = 4; lastKnownFileType = text; path = ground.obj; sourceTree = "<group>"; };
		115EEDBE16D379C100E3644E /* klingon.obj */ = {isa = PBXFileReference; fileEncoding = 4; lastKnownFileType = text; path = klingon.obj; sourceTree = "<group>"; };
		115EEDBF16D379C100E3644E /* license.txt */ = {isa = PBXFileReference; fileEncoding = 4; lastKnownFileType = text; path = license.txt; sourceTree = "<group>"; };
		115EEDC016D379C100E3644E /* plutt.obj */ = {isa = PBXFileReference; fileEncoding = 4; lastKnownFileType = text; path = plutt.obj; sourceTree = "<group>"; };
		115EEDC116D379C100E3644E /* teapot.obj */ = {isa = PBXFileReference; fileEncoding = 4; lastKnownFileType = text; path = teapot.obj; sourceTree = "<group>"; };
		115EEDC216D379C100E3644E /* teddy.obj */ = {isa = PBXFileReference; fileEncoding = 4; lastKnownFileType = text; path = teddy.obj; sourceTree = "<group>"; };
		115EEDC316D379C100E3644E /* venus.obj */ = {isa = PBXFileReference; fileEncoding = 4; lastKnownFileType = text; path = venus.obj; sourceTree = "<group>"; };
		115EEDC416D379C100E3644E /* windmill-walls.obj */ = {isa = PBXFileReference; fileEncoding = 4; lastKnownFileType = text; path = "windmill-walls.obj"; sourceTree = "<group>"; };
		115EEDC616D379C100E3644E /* blade.obj */ = {isa = PBXFileReference; fileEncoding = 4; lastKnownFileType = text; path = blade.obj; sourceTree = "<group>"; };
		115EEDC716D379C100E3644E /* license.txt */ = {isa = PBXFileReference; fileEncoding = 4; lastKnownFileType = text; path = license.txt; sourceTree = "<group>"; };
		115EEDC816D379C100E3644E /* screenshot.jpg */ = {isa = PBXFileReference; lastKnownFileType = image.jpeg; path = screenshot.jpg; sourceTree = "<group>"; };
		115EEDC916D379C100E3644E /* windmill-balcony.obj */ = {isa = PBXFileReference; fileEncoding = 4; lastKnownFileType = text; path = "windmill-balcony.obj"; sourceTree = "<group>"; };
		115EEDCA16D379C100E3644E /* windmill-roof.obj */ = {isa = PBXFileReference; fileEncoding = 4; lastKnownFileType = text; path = "windmill-roof.obj"; sourceTree = "<group>"; };
		115EEDCB16D379C100E3644E /* windmill-walls.obj */ = {isa = PBXFileReference; fileEncoding = 4; lastKnownFileType = text; path = "windmill-walls.obj"; sourceTree = "<group>"; };
		115EEDCC16D379C100E3644E /* OpenGLCamera.c */ = {isa = PBXFileReference; fileEncoding = 4; lastKnownFileType = sourcecode.c.c; path = OpenGLCamera.c; sourceTree = "<group>"; };
		115EEDCE16D379C100E3644E /* OpenGLCamera.h */ = {isa = PBXFileReference; fileEncoding = 4; lastKnownFileType = sourcecode.c.h; path = OpenGLCamera.h; sourceTree = "<group>"; };
		115EEDD016D379C100E3644E /* OpenGLObject.c */ = {isa = PBXFileReference; fileEncoding = 4; lastKnownFileType = sourcecode.c.c; path = OpenGLObject.c; sourceTree = "<group>"; };
		115EEDD116D379C100E3644E /* OpenGLObject.h */ = {isa = PBXFileReference; fileEncoding = 4; lastKnownFileType = sourcecode.c.h; path = OpenGLObject.h; sourceTree = "<group>"; };
		115EEDD316D379C100E3644E /* terrain.frag */ = {isa = PBXFileReference; fileEncoding = 4; lastKnownFileType = sourcecode.glsl; path = terrain.frag; sourceTree = "<group>"; };
		115EEDD516D379C100E3644E /* terrain.vert */ = {isa = PBXFileReference; fileEncoding = 4; lastKnownFileType = sourcecode.glsl; path = terrain.vert; sourceTree = "<group>"; };
		115EEDD816D379C100E3644E /* 44-terrain.tga */ = {isa = PBXFileReference; lastKnownFileType = file; path = "44-terrain.tga"; sourceTree = "<group>"; };
		115EEDD916D379C100E3644E /* f3.tga */ = {isa = PBXFileReference; lastKnownFileType = file; path = f3.tga; sourceTree = "<group>"; };
		115EEDDA16D379C100E3644E /* f3gr.tga */ = {isa = PBXFileReference; lastKnownFileType = file; path = f3gr.tga; sourceTree = "<group>"; };
		115EEDDB16D379C100E3644E /* fft-terrain.tga */ = {isa = PBXFileReference; lastKnownFileType = file; path = "fft-terrain.tga"; sourceTree = "<group>"; };
		115EEDDC16D379C100E3644E /* newterrain.tga */ = {isa = PBXFileReference; lastKnownFileType = file; path = newterrain.tga; sourceTree = "<group>"; };
		115EEDDD16D379C100E3644E /* ok1.tga */ = {isa = PBXFileReference; lastKnownFileType = file; path = ok1.tga; sourceTree = "<group>"; };
		115EEDDE16D379C100E3644E /* ok2.tga */ = {isa = PBXFileReference; lastKnownFileType = file; path = ok2.tga; sourceTree = "<group>"; };
		115EEDDF16D379C100E3644E /* TERRA2.tga */ = {isa = PBXFileReference; lastKnownFileType = file; path = TERRA2.tga; sourceTree = "<group>"; };
		115EEDE116D379C100E3644E /* bilskissred.tga */ = {isa = PBXFileReference; lastKnownFileType = file; path = bilskissred.tga; sourceTree = "<group>"; };
		115EEDE216D379C100E3644E /* conc.tga */ = {isa = PBXFileReference; lastKnownFileType = file; path = conc.tga; sourceTree = "<group>"; };
		115EEDE316D379C100E3644E /* dirt.tga */ = {isa = PBXFileReference; lastKnownFileType = file; path = dirt.tga; sourceTree = "<group>"; };
		115EEDE416D379C100E3644E /* grass.tga */ = {isa = PBXFileReference; lastKnownFileType = file; path = grass.tga; sourceTree = "<group>"; };
		115EEDE516D379C100E3644E /* maskros512.tga */ = {isa = PBXFileReference; lastKnownFileType = file; path = maskros512.tga; sourceTree = "<group>"; };
		115EEDE616D379C100E3644E /* rutor.tga */ = {isa = PBXFileReference; lastKnownFileType = file; path = rutor.tga; sourceTree = "<group>"; };
		115EEDE716D379C100E3644E /* SkyBox512.tga */ = {isa = PBXFileReference; lastKnownFileType = file; path = SkyBox512.tga; sourceTree = "<group>"; };
		115EEDE816D379C100E3644E /* wall_512_1_05.tga */ = {isa = PBXFileReference; lastKnownFileType = file; path = wall_512_1_05.tga; sourceTree = "<group>"; };
		115EEDE916D379C100E3644E /* VectorUtils2.c */ = {isa = PBXFileReference; fileEncoding = 4; lastKnownFileType = sourcecode.c.c; path = VectorUtils2.c; sourceTree = "<group>"; };
		115EEDEB16D379C100E3644E /* VectorUtils2.h */ = {isa = PBXFileReference; fileEncoding = 4; lastKnownFileType = sourcecode.c.h; path = VectorUtils2.h; sourceTree = "<group>"; };
		115EEE4D16D37A0900E3644E /* MicroGlut.h */ = {isa = PBXFileReference; fileEncoding = 4; lastKnownFileType = sourcecode.c.h; path = MicroGlut.h; sourceTree = "<group>"; };
		115EEE4E16D37A0900E3644E /* MicroGlut.m */ = {isa = PBXFileReference; fileEncoding = 4; lastKnownFileType = sourcecode.c.objc; path = MicroGlut.m; sourceTree = "<group>"; };
		11DA4B7F16C41D18009A9277 /* Cocoa.framework */ = {isa = PBXFileReference; lastKnownFileType = wrapper.framework; name = Cocoa.framework; path = Platforms/MacOSX.platform/Developer/SDKs/MacOSX10.8.sdk/System/Library/Frameworks/Cocoa.framework; sourceTree = SYSTEM_DEVELOPER_DIR; };
		8D1107310486CEB800E47090 /* Info.plist */ = {isa = PBXFileReference; fileEncoding = 4; lastKnownFileType = text.plist; path = Info.plist; sourceTree = "<group>"; };
		8D1107320486CEB800E47090 /* «PROJECTNAME».app */ = {isa = PBXFileReference; explicitFileType = wrapper.application; includeInIndex = 0; path = "«PROJECTNAME».app"; sourceTree = BUILT_PRODUCTS_DIR; };
/* End PBXFileReference section */

/* Begin PBXFrameworksBuildPhase section */
		8D11072E0486CEB800E47090 /* Frameworks */ = {
			isa = PBXFrameworksBuildPhase;
			buildActionMask = 2147483647;
			files = (
				002F3C6109D0951E00EBEB88 /* GLUT.framework in Frameworks */,
				002F3C0109D093BD00EBEB88 /* OpenGL.framework in Frameworks */,
				11DA4B8416C41DD8009A9277 /* Cocoa.framework in Frameworks */,
			);
			runOnlyForDeploymentPostprocessing = 0;
		};
/* End PBXFrameworksBuildPhase section */

/* Begin PBXGroup section */
		1058C7A0FEA54F0111CA2CBB /* Linked Frameworks */ = {
			isa = PBXGroup;
			children = (
				11DA4B7F16C41D18009A9277 /* Cocoa.framework */,
				002F3C6009D0951E00EBEB88 /* GLUT.framework */,
				002F3C0009D093BD00EBEB88 /* OpenGL.framework */,
			);
			name = "Linked Frameworks";
			sourceTree = "<group>";
		};
		1058C7A2FEA54F0111CA2CBB /* Other Frameworks */ = {
			isa = PBXGroup;
			children = (
			);
			name = "Other Frameworks";
			sourceTree = "<group>";
		};
		115EED8616D379C100E3644E /* models */ = {
			isa = PBXGroup;
			children = (
				115EED8716D379C100E3644E /* castle */,
				115EED8C16D379C100E3644E /* LittleNell */,
				115EEDB816D379C100E3644E /* various */,
				115EEDC516D379C100E3644E /* windmill */,
			);
			path = models;
			sourceTree = "<group>";
		};
		115EED8716D379C100E3644E /* castle */ = {
			isa = PBXGroup;
			children = (
				115EED8816D379C100E3644E /* license.txt */,
				115EED8916D379C100E3644E /* rooftops.obj */,
				115EED8A16D379C100E3644E /* screenshot.jpg */,
				115EED8B16D379C100E3644E /* walls.obj */,
			);
			path = castle;
			sourceTree = "<group>";
		};
		115EED8C16D379C100E3644E /* LittleNell */ = {
			isa = PBXGroup;
			children = (
				115EED8D16D379C100E3644E /* Face */,
				115EED9416D379C100E3644E /* Hawk */,
				115EEDA816D379C100E3644E /* Kuubi */,
				115EEDB116D379C100E3644E /* license.txt */,
				115EEDB216D379C100E3644E /* readme.txt */,
				115EEDB316D379C100E3644E /* Tree */,
			);
			path = LittleNell;
			sourceTree = "<group>";
		};
		115EED8D16D379C100E3644E /* Face */ = {
			isa = PBXGroup;
			children = (
				115EED8E16D379C100E3644E /* face-lefthalf.jpg */,
				115EED8F16D379C100E3644E /* face-lefthalf.obj */,
				115EED9016D379C100E3644E /* face-lefthalf.tga */,
				115EED9116D379C100E3644E /* face-righthalf.jpg */,
				115EED9216D379C100E3644E /* face-righthalf.obj */,
				115EED9316D379C100E3644E /* face-righthalf.tga */,
			);
			path = Face;
			sourceTree = "<group>";
		};
		115EED9416D379C100E3644E /* Hawk */ = {
			isa = PBXGroup;
			children = (
				115EED9516D379C100E3644E /* Cubemap */,
				115EED9C16D379C100E3644E /* girl-body.jpg */,
				115EED9D16D379C100E3644E /* girl-body.obj */,
				115EED9E16D379C100E3644E /* girl-body.tga */,
				115EED9F16D379C100E3644E /* girl-head.jpg */,
				115EEDA016D379C100E3644E /* girl-head.obj */,
				115EEDA116D379C100E3644E /* girl-head.tga */,
				115EEDA216D379C100E3644E /* hawk-body.jpg */,
				115EEDA316D379C100E3644E /* hawk-body.obj */,
				115EEDA416D379C100E3644E /* hawk-body.tga */,
				115EEDA516D379C100E3644E /* hawk-head.jpg */,
				115EEDA616D379C100E3644E /* hawk-head.obj */,
				115EEDA716D379C100E3644E /* hawk-head.tga */,
			);
			path = Hawk;
			sourceTree = "<group>";
		};
		115EED9516D379C100E3644E /* Cubemap */ = {
			isa = PBXGroup;
			children = (
				115EED9616D379C100E3644E /* a.jpg */,
				115EED9716D379C100E3644E /* b.jpg */,
				115EED9816D379C100E3644E /* c.jpg */,
				115EED9916D379C100E3644E /* d.jpg */,
				115EED9A16D379C100E3644E /* e.jpg */,
				115EED9B16D379C100E3644E /* f.jpg */,
			);
			path = Cubemap;
			sourceTree = "<group>";
		};
		115EEDA816D379C100E3644E /* Kuubi */ = {
			isa = PBXGroup;
			children = (
				115EEDA916D379C100E3644E /* 1.jpg */,
				115EEDAA16D379C100E3644E /* 1.obj */,
				115EEDAB16D379C100E3644E /* 2.jpg */,
				115EEDAC16D379C100E3644E /* 2.obj */,
				115EEDAD16D379C100E3644E /* 3.jpg */,
				115EEDAE16D379C100E3644E /* 3.obj */,
				115EEDAF16D379C100E3644E /* 4.jpg */,
				115EEDB016D379C100E3644E /* 4.obj */,
			);
			path = Kuubi;
			sourceTree = "<group>";
		};
		115EEDB316D379C100E3644E /* Tree */ = {
			isa = PBXGroup;
			children = (
				115EEDB416D379C100E3644E /* ground.jpg */,
				115EEDB516D379C100E3644E /* ground.obj */,
				115EEDB616D379C100E3644E /* tree.jpg */,
				115EEDB716D379C100E3644E /* tree.obj */,
			);
			path = Tree;
			sourceTree = "<group>";
		};
		115EEDB816D379C100E3644E /* various */ = {
			isa = PBXGroup;
			children = (
				115EEDB916D379C100E3644E /* bunny.obj */,
				115EEDBA16D379C100E3644E /* bunnyplus.obj */,
				115EEDBB16D379C100E3644E /* cow.obj */,
				115EEDBC16D379C100E3644E /* cube.obj */,
				115EEDBD16D379C100E3644E /* ground.obj */,
				115EEDBE16D379C100E3644E /* klingon.obj */,
				115EEDBF16D379C100E3644E /* license.txt */,
				115EEDC016D379C100E3644E /* plutt.obj */,
				115EEDC116D379C100E3644E /* teapot.obj */,
				115EEDC216D379C100E3644E /* teddy.obj */,
				115EEDC316D379C100E3644E /* venus.obj */,
				115EEDC416D379C100E3644E /* windmill-walls.obj */,
			);
			path = various;
			sourceTree = "<group>";
		};
		115EEDC516D379C100E3644E /* windmill */ = {
			isa = PBXGroup;
			children = (
				115EEDC616D379C100E3644E /* blade.obj */,
				115EEDC716D379C100E3644E /* license.txt */,
				115EEDC816D379C100E3644E /* screenshot.jpg */,
				115EEDC916D379C100E3644E /* windmill-balcony.obj */,
				115EEDCA16D379C100E3644E /* windmill-roof.obj */,
				115EEDCB16D379C100E3644E /* windmill-walls.obj */,
			);
			path = windmill;
			sourceTree = "<group>";
		};
		115EEDD716D379C100E3644E /* terrains */ = {
			isa = PBXGroup;
			children = (
				115EEDD816D379C100E3644E /* 44-terrain.tga */,
				115EEDD916D379C100E3644E /* f3.tga */,
				115EEDDA16D379C100E3644E /* f3gr.tga */,
				115EEDDB16D379C100E3644E /* fft-terrain.tga */,
				115EEDDC16D379C100E3644E /* newterrain.tga */,
				115EEDDD16D379C100E3644E /* ok1.tga */,
				115EEDDE16D379C100E3644E /* ok2.tga */,
				115EEDDF16D379C100E3644E /* TERRA2.tga */,
			);
			path = terrains;
			sourceTree = "<group>";
		};
		115EEDE016D379C100E3644E /* textures */ = {
			isa = PBXGroup;
			children = (
				115EEDE116D379C100E3644E /* bilskissred.tga */,
				115EEDE216D379C100E3644E /* conc.tga */,
				115EEDE316D379C100E3644E /* dirt.tga */,
				115EEDE416D379C100E3644E /* grass.tga */,
				115EEDE516D379C100E3644E /* maskros512.tga */,
				115EEDE616D379C100E3644E /* rutor.tga */,
				115EEDE716D379C100E3644E /* SkyBox512.tga */,
				115EEDE816D379C100E3644E /* wall_512_1_05.tga */,
			);
			path = textures;
			sourceTree = "<group>";
		};
		19C28FACFE9D520D11CA2CBB /* Products */ = {
			isa = PBXGroup;
			children = (
				8D1107320486CEB800E47090 /* «PROJECTNAME».app */,
			);
			name = Products;
			sourceTree = "<group>";
		};
		29B97314FDCFA39411CA2CEA /* «PROJECTNAMEASXML» */ = {
			isa = PBXGroup;
			children = (
				115EEE4D16D37A0900E3644E /* MicroGlut.h */,
				115EEE4E16D37A0900E3644E /* MicroGlut.m */,
				115EED7C16D379C100E3644E /* GL_utilities.h */,
				115EED8116D379C100E3644E /* loadobj.h */,
				115EED8316D379C100E3644E /* LoadTGA2.h */,
				115EED8616D379C100E3644E /* models */,
				115EEDCE16D379C100E3644E /* OpenGLCamera.h */,
				115EEDD116D379C100E3644E /* OpenGLObject.h */,
				115EEDD316D379C100E3644E /* terrain.frag */,
				115EEDD516D379C100E3644E /* terrain.vert */,
				115EEDD716D379C100E3644E /* terrains */,
				115EEDE016D379C100E3644E /* textures */,
				115EEDEB16D379C100E3644E /* VectorUtils2.h */,
				29B97315FDCFA39411CA2CEA /* Sources */,
				F4EAD2EE0D11D50A00A7D2A0 /* Headers */,
				29B97317FDCFA39411CA2CEA /* Resources */,
				29B97323FDCFA39411CA2CEA /* Frameworks */,
				19C28FACFE9D520D11CA2CBB /* Products */,
			);
			name = "«PROJECTNAMEASXML»";
			sourceTree = "<group>";
		};
		29B97315FDCFA39411CA2CEA /* Sources */ = {
			isa = PBXGroup;
			children = (
				115EED7B16D379C100E3644E /* GL_utilities.c */,
				115EED7E16D379C100E3644E /* lab4-1.c */,
				115EED8016D379C100E3644E /* loadobj.c */,
				115EED8216D379C100E3644E /* LoadTGA2.c */,
				115EEDCC16D379C100E3644E /* OpenGLCamera.c */,
				115EEDD016D379C100E3644E /* OpenGLObject.c */,
				115EEDE916D379C100E3644E /* VectorUtils2.c */,
				002F3A3E09D088BA00EBEB88 /* main.c */,
			);
			name = Sources;
			sourceTree = "<group>";
		};
		29B97317FDCFA39411CA2CEA /* Resources */ = {
			isa = PBXGroup;
			children = (
				8D1107310486CEB800E47090 /* Info.plist */,
				089C165CFE840E0CC02AAC07 /* InfoPlist.strings */,
			);
			name = Resources;
			sourceTree = "<group>";
		};
		29B97323FDCFA39411CA2CEA /* Frameworks */ = {
			isa = PBXGroup;
			children = (
				1058C7A0FEA54F0111CA2CBB /* Linked Frameworks */,
				1058C7A2FEA54F0111CA2CBB /* Other Frameworks */,
			);
			name = Frameworks;
			sourceTree = "<group>";
		};
		F4EAD2EE0D11D50A00A7D2A0 /* Headers */ = {
			isa = PBXGroup;
			children = (
			);
			name = Headers;
			sourceTree = "<group>";
		};
/* End PBXGroup section */

/* Begin PBXNativeTarget section */
		8D1107260486CEB800E47090 /* «PROJECTNAME» */ = {
			isa = PBXNativeTarget;
			buildConfigurationList = C01FCF4A08A954540054247B /* Build configuration list for PBXNativeTarget "«PROJECTNAME»" */;
			buildPhases = (
				8D1107290486CEB800E47090 /* Resources */,
				8D11072C0486CEB800E47090 /* Sources */,
				8D11072E0486CEB800E47090 /* Frameworks */,
				002F39FD09D0883400EBEB88 /* Copy Frameworks into .app bundle */,
			);
			buildRules = (
			);
			dependencies = (
			);
			name = "«PROJECTNAME»";
			productInstallPath = "$(HOME)/Applications";
			productName = "«PROJECTNAME»";
			productReference = 8D1107320486CEB800E47090 /* «PROJECTNAME».app */;
			productType = "com.apple.product-type.application";
		};
/* End PBXNativeTarget section */

/* Begin PBXProject section */
		29B97313FDCFA39411CA2CEA /* Project object */ = {
			isa = PBXProject;
			buildConfigurationList = C01FCF4E08A954540054247B /* Build configuration list for PBXProject "OpenGLGLUTApp" */;
			compatibilityVersion = "Xcode 2.4";
			developmentRegion = English;
			hasScannedForEncodings = 1;
			knownRegions = (
				en,
			);
			mainGroup = 29B97314FDCFA39411CA2CEA /* «PROJECTNAMEASXML» */;
			projectDirPath = "";
			projectRoot = "";
			targets = (
				8D1107260486CEB800E47090 /* «PROJECTNAME» */,
			);
		};
/* End PBXProject section */

/* Begin PBXResourcesBuildPhase section */
		8D1107290486CEB800E47090 /* Resources */ = {
			isa = PBXResourcesBuildPhase;
			buildActionMask = 2147483647;
			files = (
				115EEE5216D3813200E3644E /* terrain.frag in Resources */,
				115EEE5316D3813200E3644E /* terrain.vert in Resources */,
				8D11072B0486CEB800E47090 /* InfoPlist.strings in Resources */,
				115EEDF516D379C100E3644E /* license.txt in Resources */,
				115EEDF616D379C100E3644E /* rooftops.obj in Resources */,
				115EEDF716D379C100E3644E /* screenshot.jpg in Resources */,
				115EEDF816D379C100E3644E /* walls.obj in Resources */,
				115EEDF916D379C100E3644E /* face-lefthalf.jpg in Resources */,
				115EEDFA16D379C100E3644E /* face-lefthalf.obj in Resources */,
				115EEDFB16D379C100E3644E /* face-lefthalf.tga in Resources */,
				115EEDFC16D379C100E3644E /* face-righthalf.jpg in Resources */,
				115EEDFD16D379C100E3644E /* face-righthalf.obj in Resources */,
				115EEDFE16D379C100E3644E /* face-righthalf.tga in Resources */,
				115EEDFF16D379C100E3644E /* a.jpg in Resources */,
				115EEE0016D379C100E3644E /* b.jpg in Resources */,
				115EEE0116D379C100E3644E /* c.jpg in Resources */,
				115EEE0216D379C100E3644E /* d.jpg in Resources */,
				115EEE0316D379C100E3644E /* e.jpg in Resources */,
				115EEE0416D379C100E3644E /* f.jpg in Resources */,
				115EEE0516D379C100E3644E /* girl-body.jpg in Resources */,
				115EEE0616D379C100E3644E /* girl-body.obj in Resources */,
				115EEE0716D379C100E3644E /* girl-body.tga in Resources */,
				115EEE0816D379C100E3644E /* girl-head.jpg in Resources */,
				115EEE0916D379C100E3644E /* girl-head.obj in Resources */,
				115EEE0A16D379C100E3644E /* girl-head.tga in Resources */,
				115EEE0B16D379C100E3644E /* hawk-body.jpg in Resources */,
				115EEE0C16D379C100E3644E /* hawk-body.obj in Resources */,
				115EEE0D16D379C100E3644E /* hawk-body.tga in Resources */,
				115EEE0E16D379C100E3644E /* hawk-head.jpg in Resources */,
				115EEE0F16D379C100E3644E /* hawk-head.obj in Resources */,
				115EEE1016D379C100E3644E /* hawk-head.tga in Resources */,
				115EEE1116D379C100E3644E /* 1.jpg in Resources */,
				115EEE1216D379C100E3644E /* 1.obj in Resources */,
				115EEE1316D379C100E3644E /* 2.jpg in Resources */,
				115EEE1416D379C100E3644E /* 2.obj in Resources */,
				115EEE1516D379C100E3644E /* 3.jpg in Resources */,
				115EEE1616D379C100E3644E /* 3.obj in Resources */,
				115EEE1716D379C100E3644E /* 4.jpg in Resources */,
				115EEE1816D379C100E3644E /* 4.obj in Resources */,
				115EEE1916D379C100E3644E /* license.txt in Resources */,
				115EEE1A16D379C100E3644E /* readme.txt in Resources */,
				115EEE1B16D379C100E3644E /* ground.jpg in Resources */,
				115EEE1C16D379C100E3644E /* ground.obj in Resources */,
				115EEE1D16D379C100E3644E /* tree.jpg in Resources */,
				115EEE1E16D379C100E3644E /* tree.obj in Resources */,
				115EEE1F16D379C100E3644E /* bunny.obj in Resources */,
				115EEE2016D379C100E3644E /* bunnyplus.obj in Resources */,
				115EEE2116D379C100E3644E /* cow.obj in Resources */,
				115EEE2216D379C100E3644E /* cube.obj in Resources */,
				115EEE2316D379C100E3644E /* ground.obj in Resources */,
				115EEE2416D379C100E3644E /* klingon.obj in Resources */,
				115EEE2516D379C100E3644E /* license.txt in Resources */,
				115EEE2616D379C100E3644E /* plutt.obj in Resources */,
				115EEE2716D379C100E3644E /* teapot.obj in Resources */,
				115EEE2816D379C100E3644E /* teddy.obj in Resources */,
				115EEE2916D379C100E3644E /* venus.obj in Resources */,
				115EEE2A16D379C100E3644E /* windmill-walls.obj in Resources */,
				115EEE2B16D379C100E3644E /* blade.obj in Resources */,
				115EEE2C16D379C100E3644E /* license.txt in Resources */,
				115EEE2D16D379C100E3644E /* screenshot.jpg in Resources */,
				115EEE2E16D379C100E3644E /* windmill-balcony.obj in Resources */,
				115EEE2F16D379C100E3644E /* windmill-roof.obj in Resources */,
				115EEE3016D379C100E3644E /* windmill-walls.obj in Resources */,
				115EEE3A16D379C100E3644E /* 44-terrain.tga in Resources */,
				115EEE3B16D379C100E3644E /* f3.tga in Resources */,
				115EEE3C16D379C100E3644E /* f3gr.tga in Resources */,
				115EEE3D16D379C100E3644E /* fft-terrain.tga in Resources */,
				115EEE3E16D379C100E3644E /* newterrain.tga in Resources */,
				115EEE3F16D379C100E3644E /* ok1.tga in Resources */,
				115EEE4016D379C100E3644E /* ok2.tga in Resources */,
				115EEE4116D379C100E3644E /* TERRA2.tga in Resources */,
				115EEE4216D379C100E3644E /* bilskissred.tga in Resources */,
				115EEE4316D379C100E3644E /* conc.tga in Resources */,
				115EEE4416D379C100E3644E /* dirt.tga in Resources */,
				115EEE4516D379C100E3644E /* grass.tga in Resources */,
				115EEE4616D379C100E3644E /* maskros512.tga in Resources */,
				115EEE4716D379C100E3644E /* rutor.tga in Resources */,
				115EEE4816D379C100E3644E /* SkyBox512.tga in Resources */,
				115EEE4916D379C100E3644E /* wall_512_1_05.tga in Resources */,
			);
			runOnlyForDeploymentPostprocessing = 0;
		};
/* End PBXResourcesBuildPhase section */

/* Begin PBXSourcesBuildPhase section */
		8D11072C0486CEB800E47090 /* Sources */ = {
			isa = PBXSourcesBuildPhase;
			buildActionMask = 2147483647;
			files = (
				115EEDED16D379C100E3644E /* GL_utilities.c in Sources */,
				115EEDEF16D379C100E3644E /* lab4-1.c in Sources */,
				115EEDF116D379C100E3644E /* loadobj.c in Sources */,
				115EEDF216D379C100E3644E /* LoadTGA2.c in Sources */,
				115EEE3116D379C100E3644E /* OpenGLCamera.c in Sources */,
				115EEE3416D379C100E3644E /* OpenGLObject.c in Sources */,
				115EEE4A16D379C100E3644E /* VectorUtils2.c in Sources */,
				115EEE4F16D37A0900E3644E /* MicroGlut.m in Sources */,
			);
			runOnlyForDeploymentPostprocessing = 0;
		};
/* End PBXSourcesBuildPhase section */

/* Begin PBXVariantGroup section */
		089C165CFE840E0CC02AAC07 /* InfoPlist.strings */ = {
			isa = PBXVariantGroup;
			children = (
				089C165DFE840E0CC02AAC07 /* English */,
			);
			name = InfoPlist.strings;
			sourceTree = "<group>";
		};
/* End PBXVariantGroup section */

/* Begin XCBuildConfiguration section */
		C01FCF4B08A954540054247B /* Debug */ = {
			isa = XCBuildConfiguration;
			buildSettings = {
				COPY_PHASE_STRIP = NO;
				GCC_DYNAMIC_NO_PIC = NO;
				GCC_ENABLE_FIX_AND_CONTINUE = YES;
				GCC_MODEL_TUNING = G5;
				GCC_OPTIMIZATION_LEVEL = 0;
				INFOPLIST_FILE = Info.plist;
				INSTALL_PATH = "$(HOME)/Applications";
				PRODUCT_NAME = "«PROJECTNAME»";
				SDKROOT = macosx10.7;
				WRAPPER_EXTENSION = app;
				ZERO_LINK = YES;
			};
			name = Debug;
		};
		C01FCF4C08A954540054247B /* Release */ = {
			isa = XCBuildConfiguration;
			buildSettings = {
				ARCHS = "$(ARCHS_STANDARD_32_64_BIT_PRE_XCODE_3_1)";
				ARCHS_STANDARD_32_64_BIT_PRE_XCODE_3_1 = "x86_64 i386 ppc";
				GCC_GENERATE_DEBUGGING_SYMBOLS = NO;
				GCC_MODEL_TUNING = G5;
				INFOPLIST_FILE = Info.plist;
				INSTALL_PATH = "$(HOME)/Applications";
				PRODUCT_NAME = "«PROJECTNAME»";
				SDKROOT = macosx10.7;
				WRAPPER_EXTENSION = app;
			};
			name = Release;
		};
		C01FCF4F08A954540054247B /* Debug */ = {
			isa = XCBuildConfiguration;
			buildSettings = {
				FRAMEWORK_SEARCH_PATHS = (
					"$(HOME)/Library/Frameworks",
					/Library/Frameworks,
					"$(FRAMEWORK_SEARCH_PATHS)",
				);
				GCC_WARN_ABOUT_RETURN_TYPE = YES;
				GCC_WARN_UNUSED_VARIABLE = YES;
				HEADER_SEARCH_PATHS = (
					"$(HOME)/Library/Frameworks/SDL.framework/Headers",
					/Library/Frameworks/SDL.framework/Headers,
					"$(HEADER_SEARCH_PATHS)",
				);
				PREBINDING = NO;
				SDKROOT = /Developer/SDKs/MacOSX10.4u.sdk;
			};
			name = Debug;
		};
		C01FCF5008A954540054247B /* Release */ = {
			isa = XCBuildConfiguration;
			buildSettings = {
				FRAMEWORK_SEARCH_PATHS = (
					"$(HOME)/Library/Frameworks",
					/Library/Frameworks,
					"$(FRAMEWORK_SEARCH_PATHS)",
				);
				GCC_WARN_ABOUT_RETURN_TYPE = YES;
				GCC_WARN_UNUSED_VARIABLE = YES;
				HEADER_SEARCH_PATHS = (
					"$(HOME)/Library/Frameworks/SDL.framework/Headers",
					/Library/Frameworks/SDL.framework/Headers,
					"$(HEADER_SEARCH_PATHS)",
				);
				PREBINDING = NO;
				SDKROOT = /Developer/SDKs/MacOSX10.4u.sdk;
			};
			name = Release;
		};
/* End XCBuildConfiguration section */

/* Begin XCConfigurationList section */
		C01FCF4A08A954540054247B /* Build configuration list for PBXNativeTarget "«PROJECTNAME»" */ = {
			isa = XCConfigurationList;
			buildConfigurations = (
				C01FCF4B08A954540054247B /* Debug */,
				C01FCF4C08A954540054247B /* Release */,
			);
			defaultConfigurationIsVisible = 0;
			defaultConfigurationName = Release;
		};
		C01FCF4E08A954540054247B /* Build configuration list for PBXProject "OpenGLGLUTApp" */ = {
			isa = XCConfigurationList;
			buildConfigurations = (
				C01FCF4F08A954540054247B /* Debug */,
				C01FCF5008A954540054247B /* Release */,
			);
			defaultConfigurationIsVisible = 0;
			defaultConfigurationName = Release;
		};
/* End XCConfigurationList section */
	};
	rootObject = 29B97313FDCFA39411CA2CEA /* Project object */;
}
